
Microsoft Visual Studio Solution File, Format Version 12.00
# Visual Studio Version 16
VisualStudioVersion = 16.0.31205.134
MinimumVisualStudioVersion = 10.0.40219.1
Project("{FAE04EC0-301F-11D3-BF4B-00C04F79EFBC}") = "BlazorRDLCSub.Blazor", "BlazorRDLCSub.Blazor\BlazorRDLCSub.Blazor.csproj", "{E974A1B2-5AB3-4E6D-B14F-3D87F1B9DE62}"
EndProject
Project("{FAE04EC0-301F-11D3-BF4B-00C04F79EFBC}") = "BlazorRDLCSub.WinForms", "BlazorRDLCSub.WinForms\BlazorRDLCSub.WinForms.csproj", "{CC393345-82DC-4E4E-A486-0463D5ADB555}"
EndProject
Global
	GlobalSection(SolutionConfigurationPlatforms) = preSolution
		Debug|Any CPU = Debug|Any CPU
		Release|Any CPU = Release|Any CPU
	EndGlobalSection
	GlobalSection(ProjectConfigurationPlatforms) = postSolution
		{E974A1B2-5AB3-4E6D-B14F-3D87F1B9DE62}.Debug|Any CPU.ActiveCfg = Debug|Any CPU
		{E974A1B2-5AB3-4E6D-B14F-3D87F1B9DE62}.Debug|Any CPU.Build.0 = Debug|Any CPU
		{E974A1B2-5AB3-4E6D-B14F-3D87F1B9DE62}.Release|Any CPU.ActiveCfg = Release|Any CPU
		{E974A1B2-5AB3-4E6D-B14F-3D87F1B9DE62}.Release|Any CPU.Build.0 = Release|Any CPU
		{CC393345-82DC-4E4E-A486-0463D5ADB555}.Debug|Any CPU.ActiveCfg = Debug|Any CPU
		{CC393345-82DC-4E4E-A486-0463D5ADB555}.Debug|Any CPU.Build.0 = Debug|Any CPU
		{CC393345-82DC-4E4E-A486-0463D5ADB555}.Release|Any CPU.ActiveCfg = Release|Any CPU
		{CC393345-82DC-4E4E-A486-0463D5ADB555}.Release|Any CPU.Build.0 = Release|Any CPU
	EndGlobalSection
	GlobalSection(SolutionProperties) = preSolution
		HideSolutionNode = FALSE
	EndGlobalSection
	GlobalSection(ExtensibilityGlobals) = postSolution
		SolutionGuid = {D8998BA0-1B90-488B-9BAA-7FD471BEFC66}
	EndGlobalSection
EndGlobal
